
Microsoft Visual Studio Solution File, Format Version 12.00
# Visual Studio Version 17
VisualStudioVersion = 17.0.31903.59
MinimumVisualStudioVersion = 10.0.40219.1
Project("{2150E333-8FDC-42A3-9474-1A3956D46DE8}") = "src", "src", "{F53FAEE4-52B7-4F00-8388-366086CC1637}"
EndProject
Project("{FAE04EC0-301F-11D3-BF4B-00C04F79EFBC}") = "MiniZinc.Net", "src\MiniZinc.Net\MiniZinc.Net.csproj", "{A280F45E-C636-489A-A607-BAF2002FDCEB}"
EndProject
Global
	GlobalSection(SolutionConfigurationPlatforms) = preSolution
		Debug|Any CPU = Debug|Any CPU
		Release|Any CPU = Release|Any CPU
	EndGlobalSection
	GlobalSection(SolutionProperties) = preSolution
		HideSolutionNode = FALSE
	EndGlobalSection
	GlobalSection(ProjectConfigurationPlatforms) = postSolution
		{A280F45E-C636-489A-A607-BAF2002FDCEB}.Debug|Any CPU.ActiveCfg = Debug|Any CPU
		{A280F45E-C636-489A-A607-BAF2002FDCEB}.Debug|Any CPU.Build.0 = Debug|Any CPU
		{A280F45E-C636-489A-A607-BAF2002FDCEB}.Release|Any CPU.ActiveCfg = Release|Any CPU
		{A280F45E-C636-489A-A607-BAF2002FDCEB}.Release|Any CPU.Build.0 = Release|Any CPU
	EndGlobalSection
	GlobalSection(NestedProjects) = preSolution
		{A280F45E-C636-489A-A607-BAF2002FDCEB} = {F53FAEE4-52B7-4F00-8388-366086CC1637}
	EndGlobalSection
EndGlobal
