
Microsoft Visual Studio Solution File, Format Version 12.00
# Visual Studio Version 17
VisualStudioVersion = 17.0.31903.59
MinimumVisualStudioVersion = 10.0.40219.1
Project("{2150E333-8FDC-42A3-9474-1A3956D46DE8}") = "src", "src", "{F53FAEE4-52B7-4F00-8388-366086CC1637}"
EndProject
Project("{FAE04EC0-301F-11D3-BF4B-00C04F79EFBC}") = "MiniZinc.Net", "src\MiniZinc.Net\MiniZinc.Net.csproj", "{A280F45E-C636-489A-A607-BAF2002FDCEB}"
EndProject
Project("{2150E333-8FDC-42A3-9474-1A3956D46DE8}") = "tests", "tests", "{F1F03EDA-4424-4A7C-B8CA-5F435A93D796}"
EndProject
Project("{FAE04EC0-301F-11D3-BF4B-00C04F79EFBC}") = "MiniZinc.Net.Tests.UnitTests", "tests\MiniZinc.Net.Tests.UnitTests\MiniZinc.Net.Tests.UnitTests.csproj", "{5903FAC3-2B45-49EF-9FDD-D4B393B05C36}"
EndProject
Project("{2150E333-8FDC-42A3-9474-1A3956D46DE8}") = "build", "build", "{360D3F0F-1E33-4989-82E1-237CD31BA7AC}"
EndProject
Project("{FAE04EC0-301F-11D3-BF4B-00C04F79EFBC}") = "Build", "build\Build\Build.csproj", "{980A81A3-40C1-4C09-88ED-74051BA3927E}"
EndProject
Project("{FAE04EC0-301F-11D3-BF4B-00C04F79EFBC}") = "MiniZinc.Net.Tests.IntegrationTests", "tests\MiniZinc.Net.Tests.IntegrationTests\MiniZinc.Net.Tests.IntegrationTests.csproj", "{F1FD691F-B18A-4D95-A55E-76E8D67C0250}"
EndProject
Project("{FAE04EC0-301F-11D3-BF4B-00C04F79EFBC}") = "LibMiniZinc.Tests.Spec", "build\LibMiniZinc.Tests.Spec\LibMiniZinc.Tests.Spec.csproj", "{1E2BA3FA-D342-4CFE-9FD9-2DCAC8CC1E4B}"
EndProject
Project("{FAE04EC0-301F-11D3-BF4B-00C04F79EFBC}") = "LibMiniZinc.Tests.Parser", "build\LibMiniZinc.Tests.Parser\LibMiniZinc.Tests.Parser.csproj", "{27E952A7-90DC-40E0-B19C-7596446AC05B}"
EndProject
Project("{FAE04EC0-301F-11D3-BF4B-00C04F79EFBC}") = "MiniZinc.Net.Repo", "build\MiniZinc.Net.Repo\MiniZinc.Net.Repo.csproj", "{C818E309-904F-4E10-910D-48F01CF1F624}"
EndProject
Global
	GlobalSection(SolutionConfigurationPlatforms) = preSolution
		Debug|Any CPU = Debug|Any CPU
		Release|Any CPU = Release|Any CPU
	EndGlobalSection
	GlobalSection(SolutionProperties) = preSolution
		HideSolutionNode = FALSE
	EndGlobalSection
	GlobalSection(ProjectConfigurationPlatforms) = postSolution
		{A280F45E-C636-489A-A607-BAF2002FDCEB}.Debug|Any CPU.ActiveCfg = Debug|Any CPU
		{A280F45E-C636-489A-A607-BAF2002FDCEB}.Debug|Any CPU.Build.0 = Debug|Any CPU
		{A280F45E-C636-489A-A607-BAF2002FDCEB}.Release|Any CPU.ActiveCfg = Release|Any CPU
		{A280F45E-C636-489A-A607-BAF2002FDCEB}.Release|Any CPU.Build.0 = Release|Any CPU
		{5903FAC3-2B45-49EF-9FDD-D4B393B05C36}.Debug|Any CPU.ActiveCfg = Debug|Any CPU
		{5903FAC3-2B45-49EF-9FDD-D4B393B05C36}.Debug|Any CPU.Build.0 = Debug|Any CPU
		{5903FAC3-2B45-49EF-9FDD-D4B393B05C36}.Release|Any CPU.ActiveCfg = Release|Any CPU
		{5903FAC3-2B45-49EF-9FDD-D4B393B05C36}.Release|Any CPU.Build.0 = Release|Any CPU
		{980A81A3-40C1-4C09-88ED-74051BA3927E}.Debug|Any CPU.ActiveCfg = Debug|Any CPU
		{980A81A3-40C1-4C09-88ED-74051BA3927E}.Debug|Any CPU.Build.0 = Debug|Any CPU
		{980A81A3-40C1-4C09-88ED-74051BA3927E}.Release|Any CPU.ActiveCfg = Release|Any CPU
		{980A81A3-40C1-4C09-88ED-74051BA3927E}.Release|Any CPU.Build.0 = Release|Any CPU
		{F1FD691F-B18A-4D95-A55E-76E8D67C0250}.Debug|Any CPU.ActiveCfg = Debug|Any CPU
		{F1FD691F-B18A-4D95-A55E-76E8D67C0250}.Debug|Any CPU.Build.0 = Debug|Any CPU
		{F1FD691F-B18A-4D95-A55E-76E8D67C0250}.Release|Any CPU.ActiveCfg = Release|Any CPU
		{F1FD691F-B18A-4D95-A55E-76E8D67C0250}.Release|Any CPU.Build.0 = Release|Any CPU
		{1E2BA3FA-D342-4CFE-9FD9-2DCAC8CC1E4B}.Debug|Any CPU.ActiveCfg = Debug|Any CPU
		{1E2BA3FA-D342-4CFE-9FD9-2DCAC8CC1E4B}.Debug|Any CPU.Build.0 = Debug|Any CPU
		{1E2BA3FA-D342-4CFE-9FD9-2DCAC8CC1E4B}.Release|Any CPU.ActiveCfg = Release|Any CPU
		{1E2BA3FA-D342-4CFE-9FD9-2DCAC8CC1E4B}.Release|Any CPU.Build.0 = Release|Any CPU
		{27E952A7-90DC-40E0-B19C-7596446AC05B}.Debug|Any CPU.ActiveCfg = Debug|Any CPU
		{27E952A7-90DC-40E0-B19C-7596446AC05B}.Debug|Any CPU.Build.0 = Debug|Any CPU
		{27E952A7-90DC-40E0-B19C-7596446AC05B}.Release|Any CPU.ActiveCfg = Release|Any CPU
		{27E952A7-90DC-40E0-B19C-7596446AC05B}.Release|Any CPU.Build.0 = Release|Any CPU
		{C818E309-904F-4E10-910D-48F01CF1F624}.Debug|Any CPU.ActiveCfg = Debug|Any CPU
		{C818E309-904F-4E10-910D-48F01CF1F624}.Debug|Any CPU.Build.0 = Debug|Any CPU
		{C818E309-904F-4E10-910D-48F01CF1F624}.Release|Any CPU.ActiveCfg = Release|Any CPU
		{C818E309-904F-4E10-910D-48F01CF1F624}.Release|Any CPU.Build.0 = Release|Any CPU
	EndGlobalSection
	GlobalSection(NestedProjects) = preSolution
		{A280F45E-C636-489A-A607-BAF2002FDCEB} = {F53FAEE4-52B7-4F00-8388-366086CC1637}
		{5903FAC3-2B45-49EF-9FDD-D4B393B05C36} = {F1F03EDA-4424-4A7C-B8CA-5F435A93D796}
		{980A81A3-40C1-4C09-88ED-74051BA3927E} = {360D3F0F-1E33-4989-82E1-237CD31BA7AC}
		{F1FD691F-B18A-4D95-A55E-76E8D67C0250} = {F1F03EDA-4424-4A7C-B8CA-5F435A93D796}
		{1E2BA3FA-D342-4CFE-9FD9-2DCAC8CC1E4B} = {360D3F0F-1E33-4989-82E1-237CD31BA7AC}
		{27E952A7-90DC-40E0-B19C-7596446AC05B} = {360D3F0F-1E33-4989-82E1-237CD31BA7AC}
		{C818E309-904F-4E10-910D-48F01CF1F624} = {360D3F0F-1E33-4989-82E1-237CD31BA7AC}
	EndGlobalSection
EndGlobal
