
Microsoft Visual Studio Solution File, Format Version 12.00
# Visual Studio Version 17
VisualStudioVersion = 17.0.31903.59
MinimumVisualStudioVersion = 10.0.40219.1
Project("{2150E333-8FDC-42A3-9474-1A3956D46DE8}") = "src", "src", "{F53FAEE4-52B7-4F00-8388-366086CC1637}"
EndProject
Project("{FAE04EC0-301F-11D3-BF4B-00C04F79EFBC}") = "MiniZinc.Net", "src\MiniZinc.Net\MiniZinc.Net.csproj", "{A280F45E-C636-489A-A607-BAF2002FDCEB}"
EndProject
Project("{2150E333-8FDC-42A3-9474-1A3956D46DE8}") = "tests", "tests", "{F1F03EDA-4424-4A7C-B8CA-5F435A93D796}"
EndProject
Project("{FAE04EC0-301F-11D3-BF4B-00C04F79EFBC}") = "MiniZinc.Net.Tests.UnitTests", "tests\MiniZinc.Net.Tests.UnitTests\MiniZinc.Net.Tests.UnitTests.csproj", "{5903FAC3-2B45-49EF-9FDD-D4B393B05C36}"
EndProject
Project("{2150E333-8FDC-42A3-9474-1A3956D46DE8}") = "build", "build", "{360D3F0F-1E33-4989-82E1-237CD31BA7AC}"
EndProject
Project("{FAE04EC0-301F-11D3-BF4B-00C04F79EFBC}") = "Build", "build\Build\Build.csproj", "{980A81A3-40C1-4C09-88ED-74051BA3927E}"
EndProject
Project("{FAE04EC0-301F-11D3-BF4B-00C04F79EFBC}") = "MiniZinc.Net.Tests.Core", "tests\MiniZinc.Net.Tests.Core\MiniZinc.Net.Tests.Core.csproj", "{C5936764-7621-4CD2-9DE0-92C908CCD755}"
EndProject
Project("{FAE04EC0-301F-11D3-BF4B-00C04F79EFBC}") = "MiniZinc.Net.Tests.Generators", "tests\MiniZinc.Net.Tests.Generators\MiniZinc.Net.Tests.Generators.csproj", "{A7B87014-8AD0-4291-AC7E-F0240C196E05}"
EndProject
Project("{FAE04EC0-301F-11D3-BF4B-00C04F79EFBC}") = "MiniZinc.Net.Tests.Spec", "tests\MiniZinc.Net.Tests.Spec\MiniZinc.Net.Tests.Spec.csproj", "{243FCE7A-0086-433D-9A73-98D5C7BA2660}"
EndProject
Project("{FAE04EC0-301F-11D3-BF4B-00C04F79EFBC}") = "MiniZinc.Net.Tests.IntegrationTests", "tests\MiniZinc.Net.Tests.IntegrationTests\MiniZinc.Net.Tests.IntegrationTests.csproj", "{F1FD691F-B18A-4D95-A55E-76E8D67C0250}"
EndProject
Global
	GlobalSection(SolutionConfigurationPlatforms) = preSolution
		Debug|Any CPU = Debug|Any CPU
		Release|Any CPU = Release|Any CPU
	EndGlobalSection
	GlobalSection(SolutionProperties) = preSolution
		HideSolutionNode = FALSE
	EndGlobalSection
	GlobalSection(ProjectConfigurationPlatforms) = postSolution
		{A280F45E-C636-489A-A607-BAF2002FDCEB}.Debug|Any CPU.ActiveCfg = Debug|Any CPU
		{A280F45E-C636-489A-A607-BAF2002FDCEB}.Debug|Any CPU.Build.0 = Debug|Any CPU
		{A280F45E-C636-489A-A607-BAF2002FDCEB}.Release|Any CPU.ActiveCfg = Release|Any CPU
		{A280F45E-C636-489A-A607-BAF2002FDCEB}.Release|Any CPU.Build.0 = Release|Any CPU
		{5903FAC3-2B45-49EF-9FDD-D4B393B05C36}.Debug|Any CPU.ActiveCfg = Debug|Any CPU
		{5903FAC3-2B45-49EF-9FDD-D4B393B05C36}.Debug|Any CPU.Build.0 = Debug|Any CPU
		{5903FAC3-2B45-49EF-9FDD-D4B393B05C36}.Release|Any CPU.ActiveCfg = Release|Any CPU
		{5903FAC3-2B45-49EF-9FDD-D4B393B05C36}.Release|Any CPU.Build.0 = Release|Any CPU
		{980A81A3-40C1-4C09-88ED-74051BA3927E}.Debug|Any CPU.ActiveCfg = Debug|Any CPU
		{980A81A3-40C1-4C09-88ED-74051BA3927E}.Debug|Any CPU.Build.0 = Debug|Any CPU
		{980A81A3-40C1-4C09-88ED-74051BA3927E}.Release|Any CPU.ActiveCfg = Release|Any CPU
		{980A81A3-40C1-4C09-88ED-74051BA3927E}.Release|Any CPU.Build.0 = Release|Any CPU
		{C5936764-7621-4CD2-9DE0-92C908CCD755}.Debug|Any CPU.ActiveCfg = Debug|Any CPU
		{C5936764-7621-4CD2-9DE0-92C908CCD755}.Debug|Any CPU.Build.0 = Debug|Any CPU
		{C5936764-7621-4CD2-9DE0-92C908CCD755}.Release|Any CPU.ActiveCfg = Release|Any CPU
		{C5936764-7621-4CD2-9DE0-92C908CCD755}.Release|Any CPU.Build.0 = Release|Any CPU
		{A7B87014-8AD0-4291-AC7E-F0240C196E05}.Debug|Any CPU.ActiveCfg = Debug|Any CPU
		{A7B87014-8AD0-4291-AC7E-F0240C196E05}.Debug|Any CPU.Build.0 = Debug|Any CPU
		{A7B87014-8AD0-4291-AC7E-F0240C196E05}.Release|Any CPU.ActiveCfg = Release|Any CPU
		{A7B87014-8AD0-4291-AC7E-F0240C196E05}.Release|Any CPU.Build.0 = Release|Any CPU
		{243FCE7A-0086-433D-9A73-98D5C7BA2660}.Debug|Any CPU.ActiveCfg = Debug|Any CPU
		{243FCE7A-0086-433D-9A73-98D5C7BA2660}.Debug|Any CPU.Build.0 = Debug|Any CPU
		{243FCE7A-0086-433D-9A73-98D5C7BA2660}.Release|Any CPU.ActiveCfg = Release|Any CPU
		{243FCE7A-0086-433D-9A73-98D5C7BA2660}.Release|Any CPU.Build.0 = Release|Any CPU
		{F1FD691F-B18A-4D95-A55E-76E8D67C0250}.Debug|Any CPU.ActiveCfg = Debug|Any CPU
		{F1FD691F-B18A-4D95-A55E-76E8D67C0250}.Debug|Any CPU.Build.0 = Debug|Any CPU
		{F1FD691F-B18A-4D95-A55E-76E8D67C0250}.Release|Any CPU.ActiveCfg = Release|Any CPU
		{F1FD691F-B18A-4D95-A55E-76E8D67C0250}.Release|Any CPU.Build.0 = Release|Any CPU
	EndGlobalSection
	GlobalSection(NestedProjects) = preSolution
		{A280F45E-C636-489A-A607-BAF2002FDCEB} = {F53FAEE4-52B7-4F00-8388-366086CC1637}
		{5903FAC3-2B45-49EF-9FDD-D4B393B05C36} = {F1F03EDA-4424-4A7C-B8CA-5F435A93D796}
		{980A81A3-40C1-4C09-88ED-74051BA3927E} = {360D3F0F-1E33-4989-82E1-237CD31BA7AC}
		{C5936764-7621-4CD2-9DE0-92C908CCD755} = {F1F03EDA-4424-4A7C-B8CA-5F435A93D796}
		{A7B87014-8AD0-4291-AC7E-F0240C196E05} = {F1F03EDA-4424-4A7C-B8CA-5F435A93D796}
		{243FCE7A-0086-433D-9A73-98D5C7BA2660} = {F1F03EDA-4424-4A7C-B8CA-5F435A93D796}
		{F1FD691F-B18A-4D95-A55E-76E8D67C0250} = {F1F03EDA-4424-4A7C-B8CA-5F435A93D796}
	EndGlobalSection
EndGlobal
